
Microsoft Visual Studio Solution File, Format Version 12.00
# Visual Studio Version 17
VisualStudioVersion = 17.7.34202.233
MinimumVisualStudioVersion = 10.0.40219.1
Project("{9A19103F-16F7-4668-BE54-9A1E7A4F7556}") = "XmlStringValidator", "CodingTest\XmlStringValidator.csproj", "{A62DEB7D-9EC8-486B-A69A-161BB311322A}"
EndProject
Global
	GlobalSection(SolutionConfigurationPlatforms) = preSolution
		Debug|Any CPU = Debug|Any CPU
		Release|Any CPU = Release|Any CPU
	EndGlobalSection
	GlobalSection(ProjectConfigurationPlatforms) = postSolution
		{A62DEB7D-9EC8-486B-A69A-161BB311322A}.Debug|Any CPU.ActiveCfg = Debug|Any CPU
		{A62DEB7D-9EC8-486B-A69A-161BB311322A}.Debug|Any CPU.Build.0 = Debug|Any CPU
		{A62DEB7D-9EC8-486B-A69A-161BB311322A}.Release|Any CPU.ActiveCfg = Release|Any CPU
		{A62DEB7D-9EC8-486B-A69A-161BB311322A}.Release|Any CPU.Build.0 = Release|Any CPU
	EndGlobalSection
	GlobalSection(SolutionProperties) = preSolution
		HideSolutionNode = FALSE
	EndGlobalSection
	GlobalSection(ExtensibilityGlobals) = postSolution
		SolutionGuid = {E407C256-F6E3-4B2A-8D21-58B4378F527D}
	EndGlobalSection
EndGlobal
